
Microsoft Visual Studio Solution File, Format Version 12.00
# Visual Studio Version 16
VisualStudioVersion = 16.0.28729.10
MinimumVisualStudioVersion = 10.0.40219.1
Project("{FAE04EC0-301F-11D3-BF4B-00C04F79EFBC}") = "Oracle_Data_Provider", "OracleConn_NCore\Oracle_Data_Provider.csproj", "{0D039841-E96B-48A9-A7AB-5512C4B14016}"
EndProject
Global
	GlobalSection(SolutionConfigurationPlatforms) = preSolution
		Debug|Any CPU = Debug|Any CPU
		Release|Any CPU = Release|Any CPU
	EndGlobalSection
	GlobalSection(ProjectConfigurationPlatforms) = postSolution
		{0D039841-E96B-48A9-A7AB-5512C4B14016}.Debug|Any CPU.ActiveCfg = Debug|Any CPU
		{0D039841-E96B-48A9-A7AB-5512C4B14016}.Debug|Any CPU.Build.0 = Debug|Any CPU
		{0D039841-E96B-48A9-A7AB-5512C4B14016}.Release|Any CPU.ActiveCfg = Release|Any CPU
		{0D039841-E96B-48A9-A7AB-5512C4B14016}.Release|Any CPU.Build.0 = Release|Any CPU
	EndGlobalSection
	GlobalSection(SolutionProperties) = preSolution
		HideSolutionNode = FALSE
	EndGlobalSection
	GlobalSection(ExtensibilityGlobals) = postSolution
		SolutionGuid = {2A0174CC-3934-4FDC-8D3F-B7712730C5CC}
	EndGlobalSection
EndGlobal
