
Microsoft Visual Studio Solution File, Format Version 12.00
# Visual Studio 15
VisualStudioVersion = 15.0.28307.102
MinimumVisualStudioVersion = 10.0.40219.1
Project("{FAE04EC0-301F-11D3-BF4B-00C04F79EFBC}") = "CA_SqlTableToXml", "CA_SqlTableToXml\CA_SqlTableToXml.csproj", "{BB91638B-51C3-4A0B-A975-B6A7516A9712}"
EndProject
Global
	GlobalSection(SolutionConfigurationPlatforms) = preSolution
		Debug|Any CPU = Debug|Any CPU
		Release|Any CPU = Release|Any CPU
	EndGlobalSection
	GlobalSection(ProjectConfigurationPlatforms) = postSolution
		{BB91638B-51C3-4A0B-A975-B6A7516A9712}.Debug|Any CPU.ActiveCfg = Debug|Any CPU
		{BB91638B-51C3-4A0B-A975-B6A7516A9712}.Debug|Any CPU.Build.0 = Debug|Any CPU
		{BB91638B-51C3-4A0B-A975-B6A7516A9712}.Release|Any CPU.ActiveCfg = Release|Any CPU
		{BB91638B-51C3-4A0B-A975-B6A7516A9712}.Release|Any CPU.Build.0 = Release|Any CPU
	EndGlobalSection
	GlobalSection(SolutionProperties) = preSolution
		HideSolutionNode = FALSE
	EndGlobalSection
	GlobalSection(ExtensibilityGlobals) = postSolution
		SolutionGuid = {F93A00FD-BF98-4271-B4C6-6A78B3E4DE08}
	EndGlobalSection
EndGlobal
